{
  "name": "picogk-station-client",
  "version": "0.1.0",
  "lockfileVersion": 3,
  "requires": true,
  "packages": {
    "": {
      "name": "picogk-station-client",
      "version": "0.1.0",
      "dependencies": {
        "@nvidia/ov-web-rtc": "6.7.0"
      },
      "engines": {
        "node": ">=20.0.0",
        "npm": ">=10.0.0"
      }
    },
    "node_modules/@nvidia/ov-web-rtc": {
      "version": "6.7.0",
      "resolved": "https://edge.urm.nvidia.com/artifactory/api/npm/omniverse-client-npm/@nvidia/ov-web-rtc/-/@nvidia/ov-web-rtc-6.7.0.tgz",
      "integrity": "sha512-Knt393yvuI1tFmQgJM7VuMlVKDh5GyuKq8fAIarNLyY7Ucxw+lSY/72ceWR+3HyCnNtL39J0DZ27dn9riqpGWw==",
      "license": "SEE LICENSE IN LICENSE.txt",
      "dependencies": {
        "is-plain-object": "^5.0.0"
      },
      "engines": {
        "node": ">=20.0.0",
        "npm": ">=10.0.0"
      }
    },
    "node_modules/is-plain-object": {
      "version": "5.1.0",
      "resolved": "https://registry.npmjs.org/is-plain-object/-/is-plain-object-5.1.0.tgz",
      "integrity": "sha512-bUi/yjmtKYcRVUtWRGr0UA6xEFh2I6zWUwMrUXB3s7bmYCaZ8a+0ZsTRkrawh/mzlSD1Y0Ph8bp/U+TvBpWDNw==",
      "license": "MIT",
      "engines": {
        "node": ">=0.10.0"
      }
    }
  }
}
